
Microsoft Visual Studio Solution File, Format Version 12.00
# Visual Studio Version 17
VisualStudioVersion = 17.4.33205.214
MinimumVisualStudioVersion = 10.0.40219.1
Project("{FAE04EC0-301F-11D3-BF4B-00C04F79EFBC}") = "ApiLogger.Serilog", "ApiLogger.Serilog.csproj", "{7B247AF6-393D-4025-8F15-EB17F503E262}"
EndProject
Global
	GlobalSection(SolutionConfigurationPlatforms) = preSolution
		Debug|Any CPU = Debug|Any CPU
		Release|Any CPU = Release|Any CPU
	EndGlobalSection
	GlobalSection(ProjectConfigurationPlatforms) = postSolution
		{7B247AF6-393D-4025-8F15-EB17F503E262}.Debug|Any CPU.ActiveCfg = Debug|Any CPU
		{7B247AF6-393D-4025-8F15-EB17F503E262}.Debug|Any CPU.Build.0 = Debug|Any CPU
		{7B247AF6-393D-4025-8F15-EB17F503E262}.Release|Any CPU.ActiveCfg = Release|Any CPU
		{7B247AF6-393D-4025-8F15-EB17F503E262}.Release|Any CPU.Build.0 = Release|Any CPU
	EndGlobalSection
	GlobalSection(SolutionProperties) = preSolution
		HideSolutionNode = FALSE
	EndGlobalSection
	GlobalSection(ExtensibilityGlobals) = postSolution
		SolutionGuid = {B8ABB052-30E7-4F60-9FEC-B2D2A4882B4F}
	EndGlobalSection
EndGlobal
